
Microsoft Visual Studio Solution File, Format Version 12.00
# Visual Studio Version 16
VisualStudioVersion = 16.0.31911.196
MinimumVisualStudioVersion = 10.0.40219.1
Project("{9A19103F-16F7-4668-BE54-9A1E7A4F7556}") = "Company.API", "Company.API\Company.API.csproj", "{4AB9DCC1-1BDC-4273-9864-FE9EE55374B8}"
EndProject
Project("{9A19103F-16F7-4668-BE54-9A1E7A4F7556}") = "Company.Models", "Company.Models\Company.Models.csproj", "{35E9E82F-0B9C-4D46-AEE8-3B72BC83DEA3}"
EndProject
Project("{FAE04EC0-301F-11D3-BF4B-00C04F79EFBC}") = "Company.Common", "Company.Common\Company.Common.csproj", "{8C5AC45E-DF2D-480A-A4C2-7E0DEE7977D2}"
EndProject
Project("{FAE04EC0-301F-11D3-BF4B-00C04F79EFBC}") = "Company.Infrastructure", "Company.Infrastructure\Company.Infrastructure.csproj", "{758FAC22-AF08-433D-B171-387A4947F122}"
EndProject
Global
	GlobalSection(SolutionConfigurationPlatforms) = preSolution
		Debug|Any CPU = Debug|Any CPU
		Release|Any CPU = Release|Any CPU
	EndGlobalSection
	GlobalSection(ProjectConfigurationPlatforms) = postSolution
		{4AB9DCC1-1BDC-4273-9864-FE9EE55374B8}.Debug|Any CPU.ActiveCfg = Debug|Any CPU
		{4AB9DCC1-1BDC-4273-9864-FE9EE55374B8}.Debug|Any CPU.Build.0 = Debug|Any CPU
		{4AB9DCC1-1BDC-4273-9864-FE9EE55374B8}.Release|Any CPU.ActiveCfg = Release|Any CPU
		{4AB9DCC1-1BDC-4273-9864-FE9EE55374B8}.Release|Any CPU.Build.0 = Release|Any CPU
		{35E9E82F-0B9C-4D46-AEE8-3B72BC83DEA3}.Debug|Any CPU.ActiveCfg = Debug|Any CPU
		{35E9E82F-0B9C-4D46-AEE8-3B72BC83DEA3}.Debug|Any CPU.Build.0 = Debug|Any CPU
		{35E9E82F-0B9C-4D46-AEE8-3B72BC83DEA3}.Release|Any CPU.ActiveCfg = Release|Any CPU
		{35E9E82F-0B9C-4D46-AEE8-3B72BC83DEA3}.Release|Any CPU.Build.0 = Release|Any CPU
		{8C5AC45E-DF2D-480A-A4C2-7E0DEE7977D2}.Debug|Any CPU.ActiveCfg = Debug|Any CPU
		{8C5AC45E-DF2D-480A-A4C2-7E0DEE7977D2}.Debug|Any CPU.Build.0 = Debug|Any CPU
		{8C5AC45E-DF2D-480A-A4C2-7E0DEE7977D2}.Release|Any CPU.ActiveCfg = Release|Any CPU
		{8C5AC45E-DF2D-480A-A4C2-7E0DEE7977D2}.Release|Any CPU.Build.0 = Release|Any CPU
		{758FAC22-AF08-433D-B171-387A4947F122}.Debug|Any CPU.ActiveCfg = Debug|Any CPU
		{758FAC22-AF08-433D-B171-387A4947F122}.Debug|Any CPU.Build.0 = Debug|Any CPU
		{758FAC22-AF08-433D-B171-387A4947F122}.Release|Any CPU.ActiveCfg = Release|Any CPU
		{758FAC22-AF08-433D-B171-387A4947F122}.Release|Any CPU.Build.0 = Release|Any CPU
	EndGlobalSection
	GlobalSection(SolutionProperties) = preSolution
		HideSolutionNode = FALSE
	EndGlobalSection
	GlobalSection(ExtensibilityGlobals) = postSolution
		SolutionGuid = {AE16008B-AF67-4733-A093-66DD2731CE4F}
	EndGlobalSection
EndGlobal
